
Microsoft Visual Studio Solution File, Format Version 12.00
# Visual Studio Version 17
VisualStudioVersion = 17.5.002.0
MinimumVisualStudioVersion = 10.0.40219.1
Project("{9A19103F-16F7-4668-BE54-9A1E7A4F7556}") = "1_codeMinimum", "1_codeMinimum.csproj", "{2AB2EDF9-B1F2-4DBC-A390-5A6BFEA83FC5}"
EndProject
Global
	GlobalSection(SolutionConfigurationPlatforms) = preSolution
		Debug|Any CPU = Debug|Any CPU
		Release|Any CPU = Release|Any CPU
	EndGlobalSection
	GlobalSection(ProjectConfigurationPlatforms) = postSolution
		{2AB2EDF9-B1F2-4DBC-A390-5A6BFEA83FC5}.Debug|Any CPU.ActiveCfg = Debug|Any CPU
		{2AB2EDF9-B1F2-4DBC-A390-5A6BFEA83FC5}.Debug|Any CPU.Build.0 = Debug|Any CPU
		{2AB2EDF9-B1F2-4DBC-A390-5A6BFEA83FC5}.Release|Any CPU.ActiveCfg = Release|Any CPU
		{2AB2EDF9-B1F2-4DBC-A390-5A6BFEA83FC5}.Release|Any CPU.Build.0 = Release|Any CPU
	EndGlobalSection
	GlobalSection(SolutionProperties) = preSolution
		HideSolutionNode = FALSE
	EndGlobalSection
	GlobalSection(ExtensibilityGlobals) = postSolution
		SolutionGuid = {54190FF0-BD85-4F98-9176-5A5047B1E11D}
	EndGlobalSection
EndGlobal
